
Microsoft Visual Studio Solution File, Format Version 12.00
# Visual Studio Version 17
VisualStudioVersion = 17.5.002.0
MinimumVisualStudioVersion = 10.0.40219.1
Project("{9A19103F-16F7-4668-BE54-9A1E7A4F7556}") = "lab-2", "lab-2.csproj", "{DCECA295-D867-4453-97CC-D1D7C4AA6458}"
EndProject
Global
	GlobalSection(SolutionConfigurationPlatforms) = preSolution
		Debug|Any CPU = Debug|Any CPU
		Release|Any CPU = Release|Any CPU
	EndGlobalSection
	GlobalSection(ProjectConfigurationPlatforms) = postSolution
		{DCECA295-D867-4453-97CC-D1D7C4AA6458}.Debug|Any CPU.ActiveCfg = Debug|Any CPU
		{DCECA295-D867-4453-97CC-D1D7C4AA6458}.Debug|Any CPU.Build.0 = Debug|Any CPU
		{DCECA295-D867-4453-97CC-D1D7C4AA6458}.Release|Any CPU.ActiveCfg = Release|Any CPU
		{DCECA295-D867-4453-97CC-D1D7C4AA6458}.Release|Any CPU.Build.0 = Release|Any CPU
	EndGlobalSection
	GlobalSection(SolutionProperties) = preSolution
		HideSolutionNode = FALSE
	EndGlobalSection
	GlobalSection(ExtensibilityGlobals) = postSolution
		SolutionGuid = {28776431-5C47-41B1-B86F-BFDDF75EB87F}
	EndGlobalSection
EndGlobal
